
Microsoft Visual Studio Solution File, Format Version 12.00
# Visual Studio Version 16
VisualStudioVersion = 16.0.29509.3
MinimumVisualStudioVersion = 10.0.40219.1
Project("{FAE04EC0-301F-11D3-BF4B-00C04F79EFBC}") = "ConsoleLab8_5", "ConsoleLab8_5\ConsoleLab8_5.csproj", "{84939CFD-2FD3-4C41-8A5D-FEE126B1E44A}"
EndProject
Global
	GlobalSection(SolutionConfigurationPlatforms) = preSolution
		Debug|Any CPU = Debug|Any CPU
		Release|Any CPU = Release|Any CPU
	EndGlobalSection
	GlobalSection(ProjectConfigurationPlatforms) = postSolution
		{84939CFD-2FD3-4C41-8A5D-FEE126B1E44A}.Debug|Any CPU.ActiveCfg = Debug|Any CPU
		{84939CFD-2FD3-4C41-8A5D-FEE126B1E44A}.Debug|Any CPU.Build.0 = Debug|Any CPU
		{84939CFD-2FD3-4C41-8A5D-FEE126B1E44A}.Release|Any CPU.ActiveCfg = Release|Any CPU
		{84939CFD-2FD3-4C41-8A5D-FEE126B1E44A}.Release|Any CPU.Build.0 = Release|Any CPU
	EndGlobalSection
	GlobalSection(SolutionProperties) = preSolution
		HideSolutionNode = FALSE
	EndGlobalSection
	GlobalSection(ExtensibilityGlobals) = postSolution
		SolutionGuid = {6967BDCA-AF25-41B5-9793-329815BFD819}
	EndGlobalSection
EndGlobal
